
Microsoft Visual Studio Solution File, Format Version 12.00
# Visual Studio Version 16
VisualStudioVersion = 16.0.29306.81
MinimumVisualStudioVersion = 10.0.40219.1
Project("{FAE04EC0-301F-11D3-BF4B-00C04F79EFBC}") = "XrnCourse.LocalFiles.UWP", "XrnCourse.LocalFiles\XrnCourse.LocalFiles.UWP\XrnCourse.LocalFiles.UWP.csproj", "{8E381AF1-1B77-4003-B12C-DD8C6C2B2992}"
EndProject
Project("{FAE04EC0-301F-11D3-BF4B-00C04F79EFBC}") = "XrnCourse.LocalFiles.Android", "XrnCourse.LocalFiles\XrnCourse.LocalFiles.Android\XrnCourse.LocalFiles.Android.csproj", "{1FDA8C78-19CA-4A9B-BB5F-66DA24934F0B}"
EndProject
Project("{FAE04EC0-301F-11D3-BF4B-00C04F79EFBC}") = "XrnCourse.LocalFiles.iOS", "XrnCourse.LocalFiles\XrnCourse.LocalFiles.iOS\XrnCourse.LocalFiles.iOS.csproj", "{D2DD7B92-A0ED-444B-BBF7-C9ED4691DCE0}"
EndProject
Project("{FAE04EC0-301F-11D3-BF4B-00C04F79EFBC}") = "XrnCourse.LocalFiles", "XrnCourse.LocalFiles\XrnCourse.LocalFiles\XrnCourse.LocalFiles.csproj", "{98CDB0A3-473F-4979-98E4-6DF81BDB9EC8}"
EndProject
Global
	GlobalSection(SolutionConfigurationPlatforms) = preSolution
		Debug|Any CPU = Debug|Any CPU
		Debug|ARM = Debug|ARM
		Debug|iPhone = Debug|iPhone
		Debug|iPhoneSimulator = Debug|iPhoneSimulator
		Debug|x64 = Debug|x64
		Debug|x86 = Debug|x86
		Release|Any CPU = Release|Any CPU
		Release|ARM = Release|ARM
		Release|iPhone = Release|iPhone
		Release|iPhoneSimulator = Release|iPhoneSimulator
		Release|x64 = Release|x64
		Release|x86 = Release|x86
	EndGlobalSection
	GlobalSection(ProjectConfigurationPlatforms) = postSolution
		{8E381AF1-1B77-4003-B12C-DD8C6C2B2992}.Debug|Any CPU.ActiveCfg = Debug|x86
		{8E381AF1-1B77-4003-B12C-DD8C6C2B2992}.Debug|Any CPU.Build.0 = Debug|x86
		{8E381AF1-1B77-4003-B12C-DD8C6C2B2992}.Debug|Any CPU.Deploy.0 = Debug|x86
		{8E381AF1-1B77-4003-B12C-DD8C6C2B2992}.Debug|ARM.ActiveCfg = Debug|ARM
		{8E381AF1-1B77-4003-B12C-DD8C6C2B2992}.Debug|ARM.Build.0 = Debug|ARM
		{8E381AF1-1B77-4003-B12C-DD8C6C2B2992}.Debug|ARM.Deploy.0 = Debug|ARM
		{8E381AF1-1B77-4003-B12C-DD8C6C2B2992}.Debug|iPhone.ActiveCfg = Debug|x86
		{8E381AF1-1B77-4003-B12C-DD8C6C2B2992}.Debug|iPhone.Build.0 = Debug|x86
		{8E381AF1-1B77-4003-B12C-DD8C6C2B2992}.Debug|iPhone.Deploy.0 = Debug|x86
		{8E381AF1-1B77-4003-B12C-DD8C6C2B2992}.Debug|iPhoneSimulator.ActiveCfg = Debug|x86
		{8E381AF1-1B77-4003-B12C-DD8C6C2B2992}.Debug|iPhoneSimulator.Build.0 = Debug|x86
		{8E381AF1-1B77-4003-B12C-DD8C6C2B2992}.Debug|iPhoneSimulator.Deploy.0 = Debug|x86
		{8E381AF1-1B77-4003-B12C-DD8C6C2B2992}.Debug|x64.ActiveCfg = Debug|x64
		{8E381AF1-1B77-4003-B12C-DD8C6C2B2992}.Debug|x64.Build.0 = Debug|x64
		{8E381AF1-1B77-4003-B12C-DD8C6C2B2992}.Debug|x64.Deploy.0 = Debug|x64
		{8E381AF1-1B77-4003-B12C-DD8C6C2B2992}.Debug|x86.ActiveCfg = Debug|x86
		{8E381AF1-1B77-4003-B12C-DD8C6C2B2992}.Debug|x86.Build.0 = Debug|x86
		{8E381AF1-1B77-4003-B12C-DD8C6C2B2992}.Debug|x86.Deploy.0 = Debug|x86
		{8E381AF1-1B77-4003-B12C-DD8C6C2B2992}.Release|Any CPU.ActiveCfg = Release|x86
		{8E381AF1-1B77-4003-B12C-DD8C6C2B2992}.Release|Any CPU.Build.0 = Release|x86
		{8E381AF1-1B77-4003-B12C-DD8C6C2B2992}.Release|Any CPU.Deploy.0 = Release|x86
		{8E381AF1-1B77-4003-B12C-DD8C6C2B2992}.Release|ARM.ActiveCfg = Release|ARM
		{8E381AF1-1B77-4003-B12C-DD8C6C2B2992}.Release|ARM.Build.0 = Release|ARM
		{8E381AF1-1B77-4003-B12C-DD8C6C2B2992}.Release|ARM.Deploy.0 = Release|ARM
		{8E381AF1-1B77-4003-B12C-DD8C6C2B2992}.Release|iPhone.ActiveCfg = Release|x86
		{8E381AF1-1B77-4003-B12C-DD8C6C2B2992}.Release|iPhone.Build.0 = Release|x86
		{8E381AF1-1B77-4003-B12C-DD8C6C2B2992}.Release|iPhone.Deploy.0 = Release|x86
		{8E381AF1-1B77-4003-B12C-DD8C6C2B2992}.Release|iPhoneSimulator.ActiveCfg = Release|x86
		{8E381AF1-1B77-4003-B12C-DD8C6C2B2992}.Release|iPhoneSimulator.Build.0 = Release|x86
		{8E381AF1-1B77-4003-B12C-DD8C6C2B2992}.Release|iPhoneSimulator.Deploy.0 = Release|x86
		{8E381AF1-1B77-4003-B12C-DD8C6C2B2992}.Release|x64.ActiveCfg = Release|x64
		{8E381AF1-1B77-4003-B12C-DD8C6C2B2992}.Release|x64.Build.0 = Release|x64
		{8E381AF1-1B77-4003-B12C-DD8C6C2B2992}.Release|x64.Deploy.0 = Release|x64
		{8E381AF1-1B77-4003-B12C-DD8C6C2B2992}.Release|x86.ActiveCfg = Release|x86
		{8E381AF1-1B77-4003-B12C-DD8C6C2B2992}.Release|x86.Build.0 = Release|x86
		{8E381AF1-1B77-4003-B12C-DD8C6C2B2992}.Release|x86.Deploy.0 = Release|x86
		{1FDA8C78-19CA-4A9B-BB5F-66DA24934F0B}.Debug|Any CPU.ActiveCfg = Debug|Any CPU
		{1FDA8C78-19CA-4A9B-BB5F-66DA24934F0B}.Debug|Any CPU.Build.0 = Debug|Any CPU
		{1FDA8C78-19CA-4A9B-BB5F-66DA24934F0B}.Debug|Any CPU.Deploy.0 = Debug|Any CPU
		{1FDA8C78-19CA-4A9B-BB5F-66DA24934F0B}.Debug|ARM.ActiveCfg = Debug|Any CPU
		{1FDA8C78-19CA-4A9B-BB5F-66DA24934F0B}.Debug|ARM.Build.0 = Debug|Any CPU
		{1FDA8C78-19CA-4A9B-BB5F-66DA24934F0B}.Debug|ARM.Deploy.0 = Debug|Any CPU
		{1FDA8C78-19CA-4A9B-BB5F-66DA24934F0B}.Debug|iPhone.ActiveCfg = Debug|Any CPU
		{1FDA8C78-19CA-4A9B-BB5F-66DA24934F0B}.Debug|iPhone.Build.0 = Debug|Any CPU
		{1FDA8C78-19CA-4A9B-BB5F-66DA24934F0B}.Debug|iPhone.Deploy.0 = Debug|Any CPU
		{1FDA8C78-19CA-4A9B-BB5F-66DA24934F0B}.Debug|iPhoneSimulator.ActiveCfg = Debug|Any CPU
		{1FDA8C78-19CA-4A9B-BB5F-66DA24934F0B}.Debug|iPhoneSimulator.Build.0 = Debug|Any CPU
		{1FDA8C78-19CA-4A9B-BB5F-66DA24934F0B}.Debug|iPhoneSimulator.Deploy.0 = Debug|Any CPU
		{1FDA8C78-19CA-4A9B-BB5F-66DA24934F0B}.Debug|x64.ActiveCfg = Debug|Any CPU
		{1FDA8C78-19CA-4A9B-BB5F-66DA24934F0B}.Debug|x64.Build.0 = Debug|Any CPU
		{1FDA8C78-19CA-4A9B-BB5F-66DA24934F0B}.Debug|x64.Deploy.0 = Debug|Any CPU
		{1FDA8C78-19CA-4A9B-BB5F-66DA24934F0B}.Debug|x86.ActiveCfg = Debug|Any CPU
		{1FDA8C78-19CA-4A9B-BB5F-66DA24934F0B}.Debug|x86.Build.0 = Debug|Any CPU
		{1FDA8C78-19CA-4A9B-BB5F-66DA24934F0B}.Debug|x86.Deploy.0 = Debug|Any CPU
		{1FDA8C78-19CA-4A9B-BB5F-66DA24934F0B}.Release|Any CPU.ActiveCfg = Release|Any CPU
		{1FDA8C78-19CA-4A9B-BB5F-66DA24934F0B}.Release|Any CPU.Build.0 = Release|Any CPU
		{1FDA8C78-19CA-4A9B-BB5F-66DA24934F0B}.Release|Any CPU.Deploy.0 = Release|Any CPU
		{1FDA8C78-19CA-4A9B-BB5F-66DA24934F0B}.Release|ARM.ActiveCfg = Release|Any CPU
		{1FDA8C78-19CA-4A9B-BB5F-66DA24934F0B}.Release|ARM.Build.0 = Release|Any CPU
		{1FDA8C78-19CA-4A9B-BB5F-66DA24934F0B}.Release|ARM.Deploy.0 = Release|Any CPU
		{1FDA8C78-19CA-4A9B-BB5F-66DA24934F0B}.Release|iPhone.ActiveCfg = Release|Any CPU
		{1FDA8C78-19CA-4A9B-BB5F-66DA24934F0B}.Release|iPhone.Build.0 = Release|Any CPU
		{1FDA8C78-19CA-4A9B-BB5F-66DA24934F0B}.Release|iPhone.Deploy.0 = Release|Any CPU
		{1FDA8C78-19CA-4A9B-BB5F-66DA24934F0B}.Release|iPhoneSimulator.ActiveCfg = Release|Any CPU
		{1FDA8C78-19CA-4A9B-BB5F-66DA24934F0B}.Release|iPhoneSimulator.Build.0 = Release|Any CPU
		{1FDA8C78-19CA-4A9B-BB5F-66DA24934F0B}.Release|iPhoneSimulator.Deploy.0 = Release|Any CPU
		{1FDA8C78-19CA-4A9B-BB5F-66DA24934F0B}.Release|x64.ActiveCfg = Release|Any CPU
		{1FDA8C78-19CA-4A9B-BB5F-66DA24934F0B}.Release|x64.Build.0 = Release|Any CPU
		{1FDA8C78-19CA-4A9B-BB5F-66DA24934F0B}.Release|x64.Deploy.0 = Release|Any CPU
		{1FDA8C78-19CA-4A9B-BB5F-66DA24934F0B}.Release|x86.ActiveCfg = Release|Any CPU
		{1FDA8C78-19CA-4A9B-BB5F-66DA24934F0B}.Release|x86.Build.0 = Release|Any CPU
		{1FDA8C78-19CA-4A9B-BB5F-66DA24934F0B}.Release|x86.Deploy.0 = Release|Any CPU
		{D2DD7B92-A0ED-444B-BBF7-C9ED4691DCE0}.Debug|Any CPU.ActiveCfg = Debug|iPhone
		{D2DD7B92-A0ED-444B-BBF7-C9ED4691DCE0}.Debug|Any CPU.Build.0 = Debug|iPhone
		{D2DD7B92-A0ED-444B-BBF7-C9ED4691DCE0}.Debug|Any CPU.Deploy.0 = Debug|iPhone
		{D2DD7B92-A0ED-444B-BBF7-C9ED4691DCE0}.Debug|ARM.ActiveCfg = Debug|iPhoneSimulator
		{D2DD7B92-A0ED-444B-BBF7-C9ED4691DCE0}.Debug|ARM.Build.0 = Debug|iPhoneSimulator
		{D2DD7B92-A0ED-444B-BBF7-C9ED4691DCE0}.Debug|ARM.Deploy.0 = Debug|iPhoneSimulator
		{D2DD7B92-A0ED-444B-BBF7-C9ED4691DCE0}.Debug|iPhone.ActiveCfg = Debug|iPhone
		{D2DD7B92-A0ED-444B-BBF7-C9ED4691DCE0}.Debug|iPhone.Build.0 = Debug|iPhone
		{D2DD7B92-A0ED-444B-BBF7-C9ED4691DCE0}.Debug|iPhone.Deploy.0 = Debug|iPhone
		{D2DD7B92-A0ED-444B-BBF7-C9ED4691DCE0}.Debug|iPhoneSimulator.ActiveCfg = Debug|iPhoneSimulator
		{D2DD7B92-A0ED-444B-BBF7-C9ED4691DCE0}.Debug|iPhoneSimulator.Build.0 = Debug|iPhoneSimulator
		{D2DD7B92-A0ED-444B-BBF7-C9ED4691DCE0}.Debug|iPhoneSimulator.Deploy.0 = Debug|iPhoneSimulator
		{D2DD7B92-A0ED-444B-BBF7-C9ED4691DCE0}.Debug|x64.ActiveCfg = Debug|iPhone
		{D2DD7B92-A0ED-444B-BBF7-C9ED4691DCE0}.Debug|x64.Build.0 = Debug|iPhone
		{D2DD7B92-A0ED-444B-BBF7-C9ED4691DCE0}.Debug|x64.Deploy.0 = Debug|iPhone
		{D2DD7B92-A0ED-444B-BBF7-C9ED4691DCE0}.Debug|x86.ActiveCfg = Debug|iPhone
		{D2DD7B92-A0ED-444B-BBF7-C9ED4691DCE0}.Debug|x86.Build.0 = Debug|iPhone
		{D2DD7B92-A0ED-444B-BBF7-C9ED4691DCE0}.Debug|x86.Deploy.0 = Debug|iPhone
		{D2DD7B92-A0ED-444B-BBF7-C9ED4691DCE0}.Release|Any CPU.ActiveCfg = Release|iPhone
		{D2DD7B92-A0ED-444B-BBF7-C9ED4691DCE0}.Release|Any CPU.Build.0 = Release|iPhone
		{D2DD7B92-A0ED-444B-BBF7-C9ED4691DCE0}.Release|Any CPU.Deploy.0 = Release|iPhone
		{D2DD7B92-A0ED-444B-BBF7-C9ED4691DCE0}.Release|ARM.ActiveCfg = Release|iPhone
		{D2DD7B92-A0ED-444B-BBF7-C9ED4691DCE0}.Release|ARM.Build.0 = Release|iPhone
		{D2DD7B92-A0ED-444B-BBF7-C9ED4691DCE0}.Release|ARM.Deploy.0 = Release|iPhone
		{D2DD7B92-A0ED-444B-BBF7-C9ED4691DCE0}.Release|iPhone.ActiveCfg = Release|iPhone
		{D2DD7B92-A0ED-444B-BBF7-C9ED4691DCE0}.Release|iPhone.Build.0 = Release|iPhone
		{D2DD7B92-A0ED-444B-BBF7-C9ED4691DCE0}.Release|iPhone.Deploy.0 = Release|iPhone
		{D2DD7B92-A0ED-444B-BBF7-C9ED4691DCE0}.Release|iPhoneSimulator.ActiveCfg = Release|iPhoneSimulator
		{D2DD7B92-A0ED-444B-BBF7-C9ED4691DCE0}.Release|iPhoneSimulator.Build.0 = Release|iPhoneSimulator
		{D2DD7B92-A0ED-444B-BBF7-C9ED4691DCE0}.Release|iPhoneSimulator.Deploy.0 = Release|iPhoneSimulator
		{D2DD7B92-A0ED-444B-BBF7-C9ED4691DCE0}.Release|x64.ActiveCfg = Release|iPhone
		{D2DD7B92-A0ED-444B-BBF7-C9ED4691DCE0}.Release|x64.Build.0 = Release|iPhone
		{D2DD7B92-A0ED-444B-BBF7-C9ED4691DCE0}.Release|x64.Deploy.0 = Release|iPhone
		{D2DD7B92-A0ED-444B-BBF7-C9ED4691DCE0}.Release|x86.ActiveCfg = Release|iPhone
		{D2DD7B92-A0ED-444B-BBF7-C9ED4691DCE0}.Release|x86.Build.0 = Release|iPhone
		{D2DD7B92-A0ED-444B-BBF7-C9ED4691DCE0}.Release|x86.Deploy.0 = Release|iPhone
		{98CDB0A3-473F-4979-98E4-6DF81BDB9EC8}.Debug|Any CPU.ActiveCfg = Debug|Any CPU
		{98CDB0A3-473F-4979-98E4-6DF81BDB9EC8}.Debug|Any CPU.Build.0 = Debug|Any CPU
		{98CDB0A3-473F-4979-98E4-6DF81BDB9EC8}.Debug|Any CPU.Deploy.0 = Debug|Any CPU
		{98CDB0A3-473F-4979-98E4-6DF81BDB9EC8}.Debug|ARM.ActiveCfg = Debug|Any CPU
		{98CDB0A3-473F-4979-98E4-6DF81BDB9EC8}.Debug|ARM.Build.0 = Debug|Any CPU
		{98CDB0A3-473F-4979-98E4-6DF81BDB9EC8}.Debug|ARM.Deploy.0 = Debug|Any CPU
		{98CDB0A3-473F-4979-98E4-6DF81BDB9EC8}.Debug|iPhone.ActiveCfg = Debug|Any CPU
		{98CDB0A3-473F-4979-98E4-6DF81BDB9EC8}.Debug|iPhone.Build.0 = Debug|Any CPU
		{98CDB0A3-473F-4979-98E4-6DF81BDB9EC8}.Debug|iPhone.Deploy.0 = Debug|Any CPU
		{98CDB0A3-473F-4979-98E4-6DF81BDB9EC8}.Debug|iPhoneSimulator.ActiveCfg = Debug|Any CPU
		{98CDB0A3-473F-4979-98E4-6DF81BDB9EC8}.Debug|iPhoneSimulator.Build.0 = Debug|Any CPU
		{98CDB0A3-473F-4979-98E4-6DF81BDB9EC8}.Debug|iPhoneSimulator.Deploy.0 = Debug|Any CPU
		{98CDB0A3-473F-4979-98E4-6DF81BDB9EC8}.Debug|x64.ActiveCfg = Debug|Any CPU
		{98CDB0A3-473F-4979-98E4-6DF81BDB9EC8}.Debug|x64.Build.0 = Debug|Any CPU
		{98CDB0A3-473F-4979-98E4-6DF81BDB9EC8}.Debug|x64.Deploy.0 = Debug|Any CPU
		{98CDB0A3-473F-4979-98E4-6DF81BDB9EC8}.Debug|x86.ActiveCfg = Debug|Any CPU
		{98CDB0A3-473F-4979-98E4-6DF81BDB9EC8}.Debug|x86.Build.0 = Debug|Any CPU
		{98CDB0A3-473F-4979-98E4-6DF81BDB9EC8}.Debug|x86.Deploy.0 = Debug|Any CPU
		{98CDB0A3-473F-4979-98E4-6DF81BDB9EC8}.Release|Any CPU.ActiveCfg = Release|Any CPU
		{98CDB0A3-473F-4979-98E4-6DF81BDB9EC8}.Release|Any CPU.Build.0 = Release|Any CPU
		{98CDB0A3-473F-4979-98E4-6DF81BDB9EC8}.Release|Any CPU.Deploy.0 = Release|Any CPU
		{98CDB0A3-473F-4979-98E4-6DF81BDB9EC8}.Release|ARM.ActiveCfg = Release|Any CPU
		{98CDB0A3-473F-4979-98E4-6DF81BDB9EC8}.Release|ARM.Build.0 = Release|Any CPU
		{98CDB0A3-473F-4979-98E4-6DF81BDB9EC8}.Release|ARM.Deploy.0 = Release|Any CPU
		{98CDB0A3-473F-4979-98E4-6DF81BDB9EC8}.Release|iPhone.ActiveCfg = Release|Any CPU
		{98CDB0A3-473F-4979-98E4-6DF81BDB9EC8}.Release|iPhone.Build.0 = Release|Any CPU
		{98CDB0A3-473F-4979-98E4-6DF81BDB9EC8}.Release|iPhone.Deploy.0 = Release|Any CPU
		{98CDB0A3-473F-4979-98E4-6DF81BDB9EC8}.Release|iPhoneSimulator.ActiveCfg = Release|Any CPU
		{98CDB0A3-473F-4979-98E4-6DF81BDB9EC8}.Release|iPhoneSimulator.Build.0 = Release|Any CPU
		{98CDB0A3-473F-4979-98E4-6DF81BDB9EC8}.Release|iPhoneSimulator.Deploy.0 = Release|Any CPU
		{98CDB0A3-473F-4979-98E4-6DF81BDB9EC8}.Release|x64.ActiveCfg = Release|Any CPU
		{98CDB0A3-473F-4979-98E4-6DF81BDB9EC8}.Release|x64.Build.0 = Release|Any CPU
		{98CDB0A3-473F-4979-98E4-6DF81BDB9EC8}.Release|x64.Deploy.0 = Release|Any CPU
		{98CDB0A3-473F-4979-98E4-6DF81BDB9EC8}.Release|x86.ActiveCfg = Release|Any CPU
		{98CDB0A3-473F-4979-98E4-6DF81BDB9EC8}.Release|x86.Build.0 = Release|Any CPU
		{98CDB0A3-473F-4979-98E4-6DF81BDB9EC8}.Release|x86.Deploy.0 = Release|Any CPU
	EndGlobalSection
	GlobalSection(SolutionProperties) = preSolution
		HideSolutionNode = FALSE
	EndGlobalSection
	GlobalSection(ExtensibilityGlobals) = postSolution
		SolutionGuid = {3630842E-337A-4BAA-B155-24917BDE7D2F}
	EndGlobalSection
EndGlobal
